
Microsoft Visual Studio Solution File, Format Version 12.00
# Visual Studio Version 16
VisualStudioVersion = 16.0.31025.194
MinimumVisualStudioVersion = 10.0.40219.1
Project("{FAE04EC0-301F-11D3-BF4B-00C04F79EFBC}") = "ProfFinalTI2", "ProfFinalTI2\ProfFinalTI2.csproj", "{C6377E65-8870-4D06-B1E4-4F6BC10E9F7D}"
EndProject
Global
	GlobalSection(SolutionConfigurationPlatforms) = preSolution
		Debug|Any CPU = Debug|Any CPU
		Release|Any CPU = Release|Any CPU
	EndGlobalSection
	GlobalSection(ProjectConfigurationPlatforms) = postSolution
		{C6377E65-8870-4D06-B1E4-4F6BC10E9F7D}.Debug|Any CPU.ActiveCfg = Debug|Any CPU
		{C6377E65-8870-4D06-B1E4-4F6BC10E9F7D}.Debug|Any CPU.Build.0 = Debug|Any CPU
		{C6377E65-8870-4D06-B1E4-4F6BC10E9F7D}.Release|Any CPU.ActiveCfg = Release|Any CPU
		{C6377E65-8870-4D06-B1E4-4F6BC10E9F7D}.Release|Any CPU.Build.0 = Release|Any CPU
	EndGlobalSection
	GlobalSection(SolutionProperties) = preSolution
		HideSolutionNode = FALSE
	EndGlobalSection
	GlobalSection(ExtensibilityGlobals) = postSolution
		SolutionGuid = {1E717D98-8E7A-4357-BDEC-335E9B07CC5A}
	EndGlobalSection
EndGlobal
